<?xml version="1.0" encoding="UTF-8"?>
<!DOCTYPE plist PUBLIC "-//Apple//DTD PLIST 1.0//EN" "http://www.apple.com/DTDs/PropertyList-1.0.dtd">
<plist version="1.0">
<dict>
	<key>archiveVersion</key>
	<string>1</string>
	<key>classes</key>
	<dict/>
	<key>objectVersion</key>
	<string>46</string>
	<key>objects</key>
	<dict>
		<key>00DB749101225264EA735263</key>
		<dict>
			<key>includeInIndex</key>
			<string>1</string>
			<key>isa</key>
			<string>PBXFileReference</string>
			<key>lastKnownFileType</key>
			<string>text.xcconfig</string>
			<key>name</key>
			<string>Pods-theranking-ios-candidates.release.xcconfig</string>
			<key>path</key>
			<string>Pods/Target Support Files/Pods-theranking-ios-candidates/Pods-theranking-ios-candidates.release.xcconfig</string>
			<key>sourceTree</key>
			<string>&lt;group&gt;</string>
		</dict>
		<key>14C7B858FA5EC0866891C1EB</key>
		<dict>
			<key>buildActionMask</key>
			<string>2147483647</string>
			<key>files</key>
			<array/>
			<key>inputPaths</key>
			<array/>
			<key>isa</key>
			<string>PBXShellScriptBuildPhase</string>
			<key>name</key>
			<string>Check Pods Manifest.lock</string>
			<key>outputPaths</key>
			<array/>
			<key>runOnlyForDeploymentPostprocessing</key>
			<string>0</string>
			<key>shellPath</key>
			<string>/bin/sh</string>
			<key>shellScript</key>
			<string>diff "${PODS_ROOT}/../Podfile.lock" "${PODS_ROOT}/Manifest.lock" &gt; /dev/null
if [[ $? != 0 ]] ; then
    cat &lt;&lt; EOM
error: The sandbox is not in sync with the Podfile.lock. Run 'pod install' or update your CocoaPods installation.
EOM
    exit 1
fi
</string>
			<key>showEnvVarsInLog</key>
			<string>0</string>
		</dict>
		<key>2BDA2F069DFE78337FFA2639</key>
		<dict>
			<key>fileRef</key>
			<string>77854A1E6988F403E9570D0C</string>
			<key>isa</key>
			<string>PBXBuildFile</string>
		</dict>
		<key>429774EABC392EDAF2667BB7</key>
		<dict>
			<key>children</key>
			<array>
				<string>79DEC9181AB0A3EC0070E946</string>
				<string>77854A1E6988F403E9570D0C</string>
			</array>
			<key>isa</key>
			<string>PBXGroup</string>
			<key>name</key>
			<string>Frameworks</string>
			<key>sourceTree</key>
			<string>&lt;group&gt;</string>
		</dict>
		<key>77854A1E6988F403E9570D0C</key>
		<dict>
			<key>explicitFileType</key>
			<string>archive.ar</string>
			<key>includeInIndex</key>
			<string>0</string>
			<key>isa</key>
			<string>PBXFileReference</string>
			<key>path</key>
			<string>libPods-theranking-ios-candidates.a</string>
			<key>sourceTree</key>
			<string>BUILT_PRODUCTS_DIR</string>
		</dict>
		<key>795B08201AAF6AEA0049BFA9</key>
		<dict>
			<key>fileEncoding</key>
			<string>4</string>
			<key>isa</key>
			<string>PBXFileReference</string>
			<key>lastKnownFileType</key>
			<string>sourcecode.c.h</string>
			<key>path</key>
			<string>RequestManagerFactory.h</string>
			<key>sourceTree</key>
			<string>&lt;group&gt;</string>
		</dict>
		<key>795B08211AAF6AEA0049BFA9</key>
		<dict>
			<key>fileEncoding</key>
			<string>4</string>
			<key>isa</key>
			<string>PBXFileReference</string>
			<key>lastKnownFileType</key>
			<string>sourcecode.c.objc</string>
			<key>path</key>
			<string>RequestManagerFactory.m</string>
			<key>sourceTree</key>
			<string>&lt;group&gt;</string>
		</dict>
		<key>795B08221AAF6AEA0049BFA9</key>
		<dict>
			<key>fileRef</key>
			<string>795B08211AAF6AEA0049BFA9</string>
			<key>isa</key>
			<string>PBXBuildFile</string>
		</dict>
		<key>795B08251AAF6B8B0049BFA9</key>
		<dict>
			<key>fileEncoding</key>
			<string>4</string>
			<key>isa</key>
			<string>PBXFileReference</string>
			<key>lastKnownFileType</key>
			<string>sourcecode.c.h</string>
			<key>path</key>
			<string>NetworkFetcher.h</string>
			<key>sourceTree</key>
			<string>&lt;group&gt;</string>
		</dict>
		<key>795B08261AAF6B8B0049BFA9</key>
		<dict>
			<key>fileEncoding</key>
			<string>4</string>
			<key>isa</key>
			<string>PBXFileReference</string>
			<key>lastKnownFileType</key>
			<string>sourcecode.c.objc</string>
			<key>path</key>
			<string>NetworkFetcher.m</string>
			<key>sourceTree</key>
			<string>&lt;group&gt;</string>
		</dict>
		<key>795B08271AAF6B8B0049BFA9</key>
		<dict>
			<key>fileRef</key>
			<string>795B08261AAF6B8B0049BFA9</string>
			<key>isa</key>
			<string>PBXBuildFile</string>
		</dict>
		<key>79DEC9151AB04EE50070E946</key>
		<dict>
			<key>fileEncoding</key>
			<string>4</string>
			<key>isa</key>
			<string>PBXFileReference</string>
			<key>lastKnownFileType</key>
			<string>sourcecode.c.h</string>
			<key>path</key>
			<string>AJCoreDataCollectionViewController.h</string>
			<key>sourceTree</key>
			<string>&lt;group&gt;</string>
		</dict>
		<key>79DEC9161AB04EE50070E946</key>
		<dict>
			<key>fileEncoding</key>
			<string>4</string>
			<key>isa</key>
			<string>PBXFileReference</string>
			<key>lastKnownFileType</key>
			<string>sourcecode.c.objc</string>
			<key>path</key>
			<string>AJCoreDataCollectionViewController.m</string>
			<key>sourceTree</key>
			<string>&lt;group&gt;</string>
		</dict>
		<key>79DEC9171AB04EE50070E946</key>
		<dict>
			<key>fileRef</key>
			<string>79DEC9161AB04EE50070E946</string>
			<key>isa</key>
			<string>PBXBuildFile</string>
		</dict>
		<key>79DEC9181AB0A3EC0070E946</key>
		<dict>
			<key>isa</key>
			<string>PBXFileReference</string>
			<key>lastKnownFileType</key>
			<string>wrapper.framework</string>
			<key>name</key>
			<string>MapKit.framework</string>
			<key>path</key>
			<string>System/Library/Frameworks/MapKit.framework</string>
			<key>sourceTree</key>
			<string>SDKROOT</string>
		</dict>
		<key>79DEC9191AB0A3EC0070E946</key>
		<dict>
			<key>fileRef</key>
			<string>79DEC9181AB0A3EC0070E946</string>
			<key>isa</key>
			<string>PBXBuildFile</string>
		</dict>
		<key>79DEC91A1AB0CCA60070E946</key>
		<dict>
			<key>children</key>
			<array>
				<string>79DEC91B1AB0CCD00070E946</string>
				<string>79DEC91C1AB0CCD00070E946</string>
			</array>
			<key>isa</key>
			<string>PBXGroup</string>
			<key>path</key>
			<string>Animators</string>
			<key>sourceTree</key>
			<string>&lt;group&gt;</string>
		</dict>
		<key>79DEC91B1AB0CCD00070E946</key>
		<dict>
			<key>fileEncoding</key>
			<string>4</string>
			<key>isa</key>
			<string>PBXFileReference</string>
			<key>lastKnownFileType</key>
			<string>sourcecode.c.h</string>
			<key>path</key>
			<string>NavigationTransitionAnimator.h</string>
			<key>sourceTree</key>
			<string>&lt;group&gt;</string>
		</dict>
		<key>79DEC91C1AB0CCD00070E946</key>
		<dict>
			<key>fileEncoding</key>
			<string>4</string>
			<key>isa</key>
			<string>PBXFileReference</string>
			<key>lastKnownFileType</key>
			<string>sourcecode.c.objc</string>
			<key>path</key>
			<string>NavigationTransitionAnimator.m</string>
			<key>sourceTree</key>
			<string>&lt;group&gt;</string>
		</dict>
		<key>79DEC91D1AB0CCD00070E946</key>
		<dict>
			<key>fileRef</key>
			<string>79DEC91C1AB0CCD00070E946</string>
			<key>isa</key>
			<string>PBXBuildFile</string>
		</dict>
		<key>79DEC91E1AB17A710070E946</key>
		<dict>
			<key>fileEncoding</key>
			<string>4</string>
			<key>isa</key>
			<string>PBXFileReference</string>
			<key>lastKnownFileType</key>
			<string>sourcecode.c.h</string>
			<key>path</key>
			<string>LoadPictureDetailsInteractor.h</string>
			<key>sourceTree</key>
			<string>&lt;group&gt;</string>
		</dict>
		<key>79DEC91F1AB17A710070E946</key>
		<dict>
			<key>fileEncoding</key>
			<string>4</string>
			<key>isa</key>
			<string>PBXFileReference</string>
			<key>lastKnownFileType</key>
			<string>sourcecode.c.objc</string>
			<key>path</key>
			<string>LoadPictureDetailsInteractor.m</string>
			<key>sourceTree</key>
			<string>&lt;group&gt;</string>
		</dict>
		<key>79DEC9201AB17A710070E946</key>
		<dict>
			<key>fileRef</key>
			<string>79DEC91F1AB17A710070E946</string>
			<key>isa</key>
			<string>PBXBuildFile</string>
		</dict>
		<key>79DEC9211AB17EB10070E946</key>
		<dict>
			<key>children</key>
			<array>
				<string>79DEC9221AB17FF30070E946</string>
				<string>79DEC9231AB180680070E946</string>
				<string>79DEC9241AB180D30070E946</string>
				<string>79DEC9251AB180D30070E946</string>
				<string>79DEC95E1AB18C740070E946</string>
				<string>79DEC95F1AB18C740070E946</string>
				<string>79DEC9611AB18D840070E946</string>
				<string>79DEC9621AB18D840070E946</string>
			</array>
			<key>isa</key>
			<string>PBXGroup</string>
			<key>name</key>
			<string>PictureEntities</string>
			<key>path</key>
			<string>PictureEntities</string>
			<key>sourceTree</key>
			<string>&lt;group&gt;</string>
		</dict>
		<key>79DEC9221AB17FF30070E946</key>
		<dict>
			<key>fileEncoding</key>
			<string>4</string>
			<key>isa</key>
			<string>PBXFileReference</string>
			<key>lastKnownFileType</key>
			<string>sourcecode.c.h</string>
			<key>path</key>
			<string>PictureEntityProtocol.h</string>
			<key>sourceTree</key>
			<string>&lt;group&gt;</string>
		</dict>
		<key>79DEC9231AB180680070E946</key>
		<dict>
			<key>fileEncoding</key>
			<string>4</string>
			<key>isa</key>
			<string>PBXFileReference</string>
			<key>lastKnownFileType</key>
			<string>sourcecode.c.h</string>
			<key>path</key>
			<string>PictureEntityCellProtocol.h</string>
			<key>sourceTree</key>
			<string>&lt;group&gt;</string>
		</dict>
		<key>79DEC9241AB180D30070E946</key>
		<dict>
			<key>fileEncoding</key>
			<string>4</string>
			<key>isa</key>
			<string>PBXFileReference</string>
			<key>lastKnownFileType</key>
			<string>sourcecode.c.h</string>
			<key>path</key>
			<string>PictureEntityFactory.h</string>
			<key>sourceTree</key>
			<string>&lt;group&gt;</string>
		</dict>
		<key>79DEC9251AB180D30070E946</key>
		<dict>
			<key>fileEncoding</key>
			<string>4</string>
			<key>isa</key>
			<string>PBXFileReference</string>
			<key>lastKnownFileType</key>
			<string>sourcecode.c.objc</string>
			<key>path</key>
			<string>PictureEntityFactory.m</string>
			<key>sourceTree</key>
			<string>&lt;group&gt;</string>
		</dict>
		<key>79DEC9261AB180D30070E946</key>
		<dict>
			<key>fileRef</key>
			<string>79DEC9251AB180D30070E946</string>
			<key>isa</key>
			<string>PBXBuildFile</string>
		</dict>
		<key>79DEC95E1AB18C740070E946</key>
		<dict>
			<key>fileEncoding</key>
			<string>4</string>
			<key>isa</key>
			<string>PBXFileReference</string>
			<key>lastKnownFileType</key>
			<string>sourcecode.c.h</string>
			<key>path</key>
			<string>PictureEntity+PictureEntity.h</string>
			<key>sourceTree</key>
			<string>&lt;group&gt;</string>
		</dict>
		<key>79DEC95F1AB18C740070E946</key>
		<dict>
			<key>fileEncoding</key>
			<string>4</string>
			<key>isa</key>
			<string>PBXFileReference</string>
			<key>lastKnownFileType</key>
			<string>sourcecode.c.objc</string>
			<key>path</key>
			<string>PictureEntity+PictureEntity.m</string>
			<key>sourceTree</key>
			<string>&lt;group&gt;</string>
		</dict>
		<key>79DEC9601AB18C740070E946</key>
		<dict>
			<key>fileRef</key>
			<string>79DEC95F1AB18C740070E946</string>
			<key>isa</key>
			<string>PBXBuildFile</string>
		</dict>
		<key>79DEC9611AB18D840070E946</key>
		<dict>
			<key>fileEncoding</key>
			<string>4</string>
			<key>isa</key>
			<string>PBXFileReference</string>
			<key>lastKnownFileType</key>
			<string>sourcecode.c.h</string>
			<key>path</key>
			<string>PictureCollectionViewCell+PictureEntity.h</string>
			<key>sourceTree</key>
			<string>&lt;group&gt;</string>
		</dict>
		<key>79DEC9621AB18D840070E946</key>
		<dict>
			<key>fileEncoding</key>
			<string>4</string>
			<key>isa</key>
			<string>PBXFileReference</string>
			<key>lastKnownFileType</key>
			<string>sourcecode.c.objc</string>
			<key>path</key>
			<string>PictureCollectionViewCell+PictureEntity.m</string>
			<key>sourceTree</key>
			<string>&lt;group&gt;</string>
		</dict>
		<key>79DEC9631AB18D840070E946</key>
		<dict>
			<key>fileRef</key>
			<string>79DEC9621AB18D840070E946</string>
			<key>isa</key>
			<string>PBXBuildFile</string>
		</dict>
		<key>79EB8D1C1AAEFC1E00E6E6F2</key>
		<dict>
			<key>children</key>
			<array>
				<string>79EB8D271AAEFC1E00E6E6F2</string>
				<string>79EB8D3E1AAEFC1E00E6E6F2</string>
				<string>79EB8D261AAEFC1E00E6E6F2</string>
				<string>CB3EE5CD93BCA41DCB60F566</string>
				<string>429774EABC392EDAF2667BB7</string>
			</array>
			<key>isa</key>
			<string>PBXGroup</string>
			<key>sourceTree</key>
			<string>&lt;group&gt;</string>
		</dict>
		<key>79EB8D1D1AAEFC1E00E6E6F2</key>
		<dict>
			<key>attributes</key>
			<dict>
				<key>LastUpgradeCheck</key>
				<string>0610</string>
				<key>ORGANIZATIONNAME</key>
				<string>antjimar</string>
				<key>TargetAttributes</key>
				<dict>
					<key>79EB8D241AAEFC1E00E6E6F2</key>
					<dict>
						<key>CreatedOnToolsVersion</key>
						<string>6.1.1</string>
					</dict>
					<key>79EB8D3A1AAEFC1E00E6E6F2</key>
					<dict>
						<key>CreatedOnToolsVersion</key>
						<string>6.1.1</string>
						<key>TestTargetID</key>
						<string>79EB8D241AAEFC1E00E6E6F2</string>
					</dict>
				</dict>
			</dict>
			<key>buildConfigurationList</key>
			<string>79EB8D201AAEFC1E00E6E6F2</string>
			<key>compatibilityVersion</key>
			<string>Xcode 3.2</string>
			<key>developmentRegion</key>
			<string>English</string>
			<key>hasScannedForEncodings</key>
			<string>0</string>
			<key>isa</key>
			<string>PBXProject</string>
			<key>knownRegions</key>
			<array>
				<string>en</string>
				<string>Base</string>
			</array>
			<key>mainGroup</key>
			<string>79EB8D1C1AAEFC1E00E6E6F2</string>
			<key>productRefGroup</key>
			<string>79EB8D261AAEFC1E00E6E6F2</string>
			<key>projectDirPath</key>
			<string></string>
			<key>projectReferences</key>
			<array/>
			<key>projectRoot</key>
			<string></string>
			<key>targets</key>
			<array>
				<string>79EB8D241AAEFC1E00E6E6F2</string>
				<string>79EB8D3A1AAEFC1E00E6E6F2</string>
			</array>
		</dict>
		<key>79EB8D201AAEFC1E00E6E6F2</key>
		<dict>
			<key>buildConfigurations</key>
			<array>
				<string>79EB8D431AAEFC1E00E6E6F2</string>
				<string>79EB8D441AAEFC1E00E6E6F2</string>
			</array>
			<key>defaultConfigurationIsVisible</key>
			<string>0</string>
			<key>defaultConfigurationName</key>
			<string>Release</string>
			<key>isa</key>
			<string>XCConfigurationList</string>
		</dict>
		<key>79EB8D211AAEFC1E00E6E6F2</key>
		<dict>
			<key>buildActionMask</key>
			<string>2147483647</string>
			<key>files</key>
			<array>
				<string>79EB8D7F1AAF636000E6E6F2</string>
				<string>79DEC9261AB180D30070E946</string>
				<string>79DEC9631AB18D840070E946</string>
				<string>79EB8D9B1AAF68A300E6E6F2</string>
				<string>79EB8D8F1AAF655400E6E6F2</string>
				<string>79EB8D311AAEFC1E00E6E6F2</string>
				<string>79DEC9601AB18C740070E946</string>
				<string>79EB8D2E1AAEFC1E00E6E6F2</string>
				<string>79DEC91D1AB0CCD00070E946</string>
				<string>79EB8D8B1AAF653800E6E6F2</string>
				<string>795B08221AAF6AEA0049BFA9</string>
				<string>79EB8D951AAF685400E6E6F2</string>
				<string>79EB8D2B1AAEFC1E00E6E6F2</string>
				<string>79EB8D871AAF64F700E6E6F2</string>
				<string>79EB8D7C1AAF62F900E6E6F2</string>
				<string>79EB8D571AAF0B5B00E6E6F2</string>
				<string>79DEC9171AB04EE50070E946</string>
				<string>79DEC9201AB17A710070E946</string>
				<string>79EB8D4D1AAEFD5100E6E6F2</string>
				<string>79EB8D821AAF648200E6E6F2</string>
				<string>795B08271AAF6B8B0049BFA9</string>
			</array>
			<key>isa</key>
			<string>PBXSourcesBuildPhase</string>
			<key>runOnlyForDeploymentPostprocessing</key>
			<string>0</string>
		</dict>
		<key>79EB8D221AAEFC1E00E6E6F2</key>
		<dict>
			<key>buildActionMask</key>
			<string>2147483647</string>
			<key>files</key>
			<array>
				<string>79DEC9191AB0A3EC0070E946</string>
				<string>2BDA2F069DFE78337FFA2639</string>
			</array>
			<key>isa</key>
			<string>PBXFrameworksBuildPhase</string>
			<key>runOnlyForDeploymentPostprocessing</key>
			<string>0</string>
		</dict>
		<key>79EB8D231AAEFC1E00E6E6F2</key>
		<dict>
			<key>buildActionMask</key>
			<string>2147483647</string>
			<key>files</key>
			<array>
				<string>79EB8D921AAF66CC00E6E6F2</string>
				<string>79EB8D331AAEFC1E00E6E6F2</string>
				<string>79EB8D901AAF655400E6E6F2</string>
				<string>79EB8D881AAF64F700E6E6F2</string>
			</array>
			<key>isa</key>
			<string>PBXResourcesBuildPhase</string>
			<key>runOnlyForDeploymentPostprocessing</key>
			<string>0</string>
		</dict>
		<key>79EB8D241AAEFC1E00E6E6F2</key>
		<dict>
			<key>buildConfigurationList</key>
			<string>79EB8D451AAEFC1E00E6E6F2</string>
			<key>buildPhases</key>
			<array>
				<string>14C7B858FA5EC0866891C1EB</string>
				<string>79EB8D211AAEFC1E00E6E6F2</string>
				<string>79EB8D221AAEFC1E00E6E6F2</string>
				<string>79EB8D231AAEFC1E00E6E6F2</string>
				<string>B599C0C4E5DDC456D8943A83</string>
			</array>
			<key>buildRules</key>
			<array/>
			<key>dependencies</key>
			<array/>
			<key>isa</key>
			<string>PBXNativeTarget</string>
			<key>name</key>
			<string>theranking-ios-candidates</string>
			<key>productName</key>
			<string>theranking-ios-candidates</string>
			<key>productReference</key>
			<string>79EB8D251AAEFC1E00E6E6F2</string>
			<key>productType</key>
			<string>com.apple.product-type.application</string>
		</dict>
		<key>79EB8D251AAEFC1E00E6E6F2</key>
		<dict>
			<key>explicitFileType</key>
			<string>wrapper.application</string>
			<key>includeInIndex</key>
			<string>0</string>
			<key>isa</key>
			<string>PBXFileReference</string>
			<key>path</key>
			<string>theranking-ios-candidates.app</string>
			<key>sourceTree</key>
			<string>BUILT_PRODUCTS_DIR</string>
		</dict>
		<key>79EB8D261AAEFC1E00E6E6F2</key>
		<dict>
			<key>children</key>
			<array>
				<string>79EB8D251AAEFC1E00E6E6F2</string>
				<string>79EB8D3B1AAEFC1E00E6E6F2</string>
			</array>
			<key>isa</key>
			<string>PBXGroup</string>
			<key>name</key>
			<string>Products</string>
			<key>sourceTree</key>
			<string>&lt;group&gt;</string>
		</dict>
		<key>79EB8D271AAEFC1E00E6E6F2</key>
		<dict>
			<key>children</key>
			<array>
				<string>79EB8D2C1AAEFC1E00E6E6F2</string>
				<string>79EB8D2D1AAEFC1E00E6E6F2</string>
				<string>79EB8D4B1AAEFD5100E6E6F2</string>
				<string>79EB8D4C1AAEFD5100E6E6F2</string>
				<string>79DEC91A1AB0CCA60070E946</string>
				<string>79EB8D4E1AAF004600E6E6F2</string>
				<string>79EB8D4F1AAF005500E6E6F2</string>
				<string>79DEC9211AB17EB10070E946</string>
				<string>79EB8D501AAF006300E6E6F2</string>
				<string>79EB8D521AAF009100E6E6F2</string>
				<string>79EB8D531AAF009F00E6E6F2</string>
				<string>79EB8D541AAF00AD00E6E6F2</string>
				<string>79EB8D2F1AAEFC1E00E6E6F2</string>
				<string>79EB8D321AAEFC1E00E6E6F2</string>
				<string>79EB8D281AAEFC1E00E6E6F2</string>
			</array>
			<key>isa</key>
			<string>PBXGroup</string>
			<key>path</key>
			<string>theranking-ios-candidates</string>
			<key>sourceTree</key>
			<string>&lt;group&gt;</string>
		</dict>
		<key>79EB8D281AAEFC1E00E6E6F2</key>
		<dict>
			<key>children</key>
			<array>
				<string>79EB8D291AAEFC1E00E6E6F2</string>
				<string>79EB8D2A1AAEFC1E00E6E6F2</string>
			</array>
			<key>isa</key>
			<string>PBXGroup</string>
			<key>path</key>
			<string>Supporting Files</string>
			<key>sourceTree</key>
			<string>&lt;group&gt;</string>
		</dict>
		<key>79EB8D291AAEFC1E00E6E6F2</key>
		<dict>
			<key>isa</key>
			<string>PBXFileReference</string>
			<key>lastKnownFileType</key>
			<string>text.plist.xml</string>
			<key>path</key>
			<string>Info.plist</string>
			<key>sourceTree</key>
			<string>&lt;group&gt;</string>
		</dict>
		<key>79EB8D2A1AAEFC1E00E6E6F2</key>
		<dict>
			<key>isa</key>
			<string>PBXFileReference</string>
			<key>lastKnownFileType</key>
			<string>sourcecode.c.objc</string>
			<key>path</key>
			<string>main.m</string>
			<key>sourceTree</key>
			<string>&lt;group&gt;</string>
		</dict>
		<key>79EB8D2B1AAEFC1E00E6E6F2</key>
		<dict>
			<key>fileRef</key>
			<string>79EB8D2A1AAEFC1E00E6E6F2</string>
			<key>isa</key>
			<string>PBXBuildFile</string>
		</dict>
		<key>79EB8D2C1AAEFC1E00E6E6F2</key>
		<dict>
			<key>isa</key>
			<string>PBXFileReference</string>
			<key>lastKnownFileType</key>
			<string>sourcecode.c.h</string>
			<key>path</key>
			<string>AppDelegate.h</string>
			<key>sourceTree</key>
			<string>&lt;group&gt;</string>
		</dict>
		<key>79EB8D2D1AAEFC1E00E6E6F2</key>
		<dict>
			<key>isa</key>
			<string>PBXFileReference</string>
			<key>lastKnownFileType</key>
			<string>sourcecode.c.objc</string>
			<key>path</key>
			<string>AppDelegate.m</string>
			<key>sourceTree</key>
			<string>&lt;group&gt;</string>
		</dict>
		<key>79EB8D2E1AAEFC1E00E6E6F2</key>
		<dict>
			<key>fileRef</key>
			<string>79EB8D2D1AAEFC1E00E6E6F2</string>
			<key>isa</key>
			<string>PBXBuildFile</string>
		</dict>
		<key>79EB8D2F1AAEFC1E00E6E6F2</key>
		<dict>
			<key>children</key>
			<array>
				<string>79EB8D301AAEFC1E00E6E6F2</string>
			</array>
			<key>currentVersion</key>
			<string>79EB8D301AAEFC1E00E6E6F2</string>
			<key>isa</key>
			<string>XCVersionGroup</string>
			<key>path</key>
			<string>theranking_ios_candidates.xcdatamodeld</string>
			<key>sourceTree</key>
			<string>&lt;group&gt;</string>
			<key>versionGroupType</key>
			<string>wrapper.xcdatamodel</string>
		</dict>
		<key>79EB8D301AAEFC1E00E6E6F2</key>
		<dict>
			<key>isa</key>
			<string>PBXFileReference</string>
			<key>lastKnownFileType</key>
			<string>wrapper.xcdatamodel</string>
			<key>path</key>
			<string>theranking_ios_candidates.xcdatamodel</string>
			<key>sourceTree</key>
			<string>&lt;group&gt;</string>
		</dict>
		<key>79EB8D311AAEFC1E00E6E6F2</key>
		<dict>
			<key>fileRef</key>
			<string>79EB8D2F1AAEFC1E00E6E6F2</string>
			<key>isa</key>
			<string>PBXBuildFile</string>
		</dict>
		<key>79EB8D321AAEFC1E00E6E6F2</key>
		<dict>
			<key>isa</key>
			<string>PBXFileReference</string>
			<key>lastKnownFileType</key>
			<string>folder.assetcatalog</string>
			<key>path</key>
			<string>Images.xcassets</string>
			<key>sourceTree</key>
			<string>&lt;group&gt;</string>
		</dict>
		<key>79EB8D331AAEFC1E00E6E6F2</key>
		<dict>
			<key>fileRef</key>
			<string>79EB8D321AAEFC1E00E6E6F2</string>
			<key>isa</key>
			<string>PBXBuildFile</string>
		</dict>
		<key>79EB8D371AAEFC1E00E6E6F2</key>
		<dict>
			<key>buildActionMask</key>
			<string>2147483647</string>
			<key>files</key>
			<array>
				<string>79EB8D421AAEFC1E00E6E6F2</string>
			</array>
			<key>isa</key>
			<string>PBXSourcesBuildPhase</string>
			<key>runOnlyForDeploymentPostprocessing</key>
			<string>0</string>
		</dict>
		<key>79EB8D381AAEFC1E00E6E6F2</key>
		<dict>
			<key>buildActionMask</key>
			<string>2147483647</string>
			<key>files</key>
			<array/>
			<key>isa</key>
			<string>PBXFrameworksBuildPhase</string>
			<key>runOnlyForDeploymentPostprocessing</key>
			<string>0</string>
		</dict>
		<key>79EB8D391AAEFC1E00E6E6F2</key>
		<dict>
			<key>buildActionMask</key>
			<string>2147483647</string>
			<key>files</key>
			<array/>
			<key>isa</key>
			<string>PBXResourcesBuildPhase</string>
			<key>runOnlyForDeploymentPostprocessing</key>
			<string>0</string>
		</dict>
		<key>79EB8D3A1AAEFC1E00E6E6F2</key>
		<dict>
			<key>buildConfigurationList</key>
			<string>79EB8D481AAEFC1E00E6E6F2</string>
			<key>buildPhases</key>
			<array>
				<string>79EB8D371AAEFC1E00E6E6F2</string>
				<string>79EB8D381AAEFC1E00E6E6F2</string>
				<string>79EB8D391AAEFC1E00E6E6F2</string>
			</array>
			<key>buildRules</key>
			<array/>
			<key>dependencies</key>
			<array>
				<string>79EB8D3D1AAEFC1E00E6E6F2</string>
			</array>
			<key>isa</key>
			<string>PBXNativeTarget</string>
			<key>name</key>
			<string>theranking-ios-candidatesTests</string>
			<key>productName</key>
			<string>theranking-ios-candidatesTests</string>
			<key>productReference</key>
			<string>79EB8D3B1AAEFC1E00E6E6F2</string>
			<key>productType</key>
			<string>com.apple.product-type.bundle.unit-test</string>
		</dict>
		<key>79EB8D3B1AAEFC1E00E6E6F2</key>
		<dict>
			<key>explicitFileType</key>
			<string>wrapper.cfbundle</string>
			<key>includeInIndex</key>
			<string>0</string>
			<key>isa</key>
			<string>PBXFileReference</string>
			<key>path</key>
			<string>theranking-ios-candidatesTests.xctest</string>
			<key>sourceTree</key>
			<string>BUILT_PRODUCTS_DIR</string>
		</dict>
		<key>79EB8D3C1AAEFC1E00E6E6F2</key>
		<dict>
			<key>containerPortal</key>
			<string>79EB8D1D1AAEFC1E00E6E6F2</string>
			<key>isa</key>
			<string>PBXContainerItemProxy</string>
			<key>proxyType</key>
			<string>1</string>
			<key>remoteGlobalIDString</key>
			<string>79EB8D241AAEFC1E00E6E6F2</string>
			<key>remoteInfo</key>
			<string>theranking-ios-candidates</string>
		</dict>
		<key>79EB8D3D1AAEFC1E00E6E6F2</key>
		<dict>
			<key>isa</key>
			<string>PBXTargetDependency</string>
			<key>target</key>
			<string>79EB8D241AAEFC1E00E6E6F2</string>
			<key>targetProxy</key>
			<string>79EB8D3C1AAEFC1E00E6E6F2</string>
		</dict>
		<key>79EB8D3E1AAEFC1E00E6E6F2</key>
		<dict>
			<key>children</key>
			<array>
				<string>79EB8D411AAEFC1E00E6E6F2</string>
				<string>79EB8D3F1AAEFC1E00E6E6F2</string>
			</array>
			<key>isa</key>
			<string>PBXGroup</string>
			<key>path</key>
			<string>theranking-ios-candidatesTests</string>
			<key>sourceTree</key>
			<string>&lt;group&gt;</string>
		</dict>
		<key>79EB8D3F1AAEFC1E00E6E6F2</key>
		<dict>
			<key>children</key>
			<array>
				<string>79EB8D401AAEFC1E00E6E6F2</string>
			</array>
			<key>isa</key>
			<string>PBXGroup</string>
			<key>path</key>
			<string>Supporting Files</string>
			<key>sourceTree</key>
			<string>&lt;group&gt;</string>
		</dict>
		<key>79EB8D401AAEFC1E00E6E6F2</key>
		<dict>
			<key>isa</key>
			<string>PBXFileReference</string>
			<key>lastKnownFileType</key>
			<string>text.plist.xml</string>
			<key>path</key>
			<string>Info.plist</string>
			<key>sourceTree</key>
			<string>&lt;group&gt;</string>
		</dict>
		<key>79EB8D411AAEFC1E00E6E6F2</key>
		<dict>
			<key>isa</key>
			<string>PBXFileReference</string>
			<key>lastKnownFileType</key>
			<string>sourcecode.c.objc</string>
			<key>path</key>
			<string>theranking_ios_candidatesTests.m</string>
			<key>sourceTree</key>
			<string>&lt;group&gt;</string>
		</dict>
		<key>79EB8D421AAEFC1E00E6E6F2</key>
		<dict>
			<key>fileRef</key>
			<string>79EB8D411AAEFC1E00E6E6F2</string>
			<key>isa</key>
			<string>PBXBuildFile</string>
		</dict>
		<key>79EB8D431AAEFC1E00E6E6F2</key>
		<dict>
			<key>buildSettings</key>
			<dict>
				<key>ALWAYS_SEARCH_USER_PATHS</key>
				<string>NO</string>
				<key>CLANG_CXX_LANGUAGE_STANDARD</key>
				<string>gnu++0x</string>
				<key>CLANG_CXX_LIBRARY</key>
				<string>libc++</string>
				<key>CLANG_ENABLE_MODULES</key>
				<string>YES</string>
				<key>CLANG_ENABLE_OBJC_ARC</key>
				<string>YES</string>
				<key>CLANG_WARN_BOOL_CONVERSION</key>
				<string>YES</string>
				<key>CLANG_WARN_CONSTANT_CONVERSION</key>
				<string>YES</string>
				<key>CLANG_WARN_DIRECT_OBJC_ISA_USAGE</key>
				<string>YES_ERROR</string>
				<key>CLANG_WARN_EMPTY_BODY</key>
				<string>YES</string>
				<key>CLANG_WARN_ENUM_CONVERSION</key>
				<string>YES</string>
				<key>CLANG_WARN_INT_CONVERSION</key>
				<string>YES</string>
				<key>CLANG_WARN_OBJC_ROOT_CLASS</key>
				<string>YES_ERROR</string>
				<key>CLANG_WARN_UNREACHABLE_CODE</key>
				<string>YES</string>
				<key>CLANG_WARN__DUPLICATE_METHOD_MATCH</key>
				<string>YES</string>
				<key>CODE_SIGN_IDENTITY[sdk=iphoneos*]</key>
				<string>iPhone Developer</string>
				<key>COPY_PHASE_STRIP</key>
				<string>NO</string>
				<key>ENABLE_STRICT_OBJC_MSGSEND</key>
				<string>YES</string>
				<key>GCC_C_LANGUAGE_STANDARD</key>
				<string>gnu99</string>
				<key>GCC_DYNAMIC_NO_PIC</key>
				<string>NO</string>
				<key>GCC_OPTIMIZATION_LEVEL</key>
				<string>0</string>
				<key>GCC_PREPROCESSOR_DEFINITIONS</key>
				<array>
					<string>DEBUG=1</string>
					<string>$(inherited)</string>
				</array>
				<key>GCC_SYMBOLS_PRIVATE_EXTERN</key>
				<string>NO</string>
				<key>GCC_WARN_64_TO_32_BIT_CONVERSION</key>
				<string>YES</string>
				<key>GCC_WARN_ABOUT_RETURN_TYPE</key>
				<string>YES_ERROR</string>
				<key>GCC_WARN_UNDECLARED_SELECTOR</key>
				<string>YES</string>
				<key>GCC_WARN_UNINITIALIZED_AUTOS</key>
				<string>YES_AGGRESSIVE</string>
				<key>GCC_WARN_UNUSED_FUNCTION</key>
				<string>YES</string>
				<key>GCC_WARN_UNUSED_VARIABLE</key>
				<string>YES</string>
				<key>IPHONEOS_DEPLOYMENT_TARGET</key>
				<string>8.1</string>
				<key>MTL_ENABLE_DEBUG_INFO</key>
				<string>YES</string>
				<key>ONLY_ACTIVE_ARCH</key>
				<string>YES</string>
				<key>SDKROOT</key>
				<string>iphoneos</string>
			</dict>
			<key>isa</key>
			<string>XCBuildConfiguration</string>
			<key>name</key>
			<string>Debug</string>
		</dict>
		<key>79EB8D441AAEFC1E00E6E6F2</key>
		<dict>
			<key>buildSettings</key>
			<dict>
				<key>ALWAYS_SEARCH_USER_PATHS</key>
				<string>NO</string>
				<key>CLANG_CXX_LANGUAGE_STANDARD</key>
				<string>gnu++0x</string>
				<key>CLANG_CXX_LIBRARY</key>
				<string>libc++</string>
				<key>CLANG_ENABLE_MODULES</key>
				<string>YES</string>
				<key>CLANG_ENABLE_OBJC_ARC</key>
				<string>YES</string>
				<key>CLANG_WARN_BOOL_CONVERSION</key>
				<string>YES</string>
				<key>CLANG_WARN_CONSTANT_CONVERSION</key>
				<string>YES</string>
				<key>CLANG_WARN_DIRECT_OBJC_ISA_USAGE</key>
				<string>YES_ERROR</string>
				<key>CLANG_WARN_EMPTY_BODY</key>
				<string>YES</string>
				<key>CLANG_WARN_ENUM_CONVERSION</key>
				<string>YES</string>
				<key>CLANG_WARN_INT_CONVERSION</key>
				<string>YES</string>
				<key>CLANG_WARN_OBJC_ROOT_CLASS</key>
				<string>YES_ERROR</string>
				<key>CLANG_WARN_UNREACHABLE_CODE</key>
				<string>YES</string>
				<key>CLANG_WARN__DUPLICATE_METHOD_MATCH</key>
				<string>YES</string>
				<key>CODE_SIGN_IDENTITY[sdk=iphoneos*]</key>
				<string>iPhone Developer</string>
				<key>COPY_PHASE_STRIP</key>
				<string>YES</string>
				<key>ENABLE_NS_ASSERTIONS</key>
				<string>NO</string>
				<key>ENABLE_STRICT_OBJC_MSGSEND</key>
				<string>YES</string>
				<key>GCC_C_LANGUAGE_STANDARD</key>
				<string>gnu99</string>
				<key>GCC_WARN_64_TO_32_BIT_CONVERSION</key>
				<string>YES</string>
				<key>GCC_WARN_ABOUT_RETURN_TYPE</key>
				<string>YES_ERROR</string>
				<key>GCC_WARN_UNDECLARED_SELECTOR</key>
				<string>YES</string>
				<key>GCC_WARN_UNINITIALIZED_AUTOS</key>
				<string>YES_AGGRESSIVE</string>
				<key>GCC_WARN_UNUSED_FUNCTION</key>
				<string>YES</string>
				<key>GCC_WARN_UNUSED_VARIABLE</key>
				<string>YES</string>
				<key>IPHONEOS_DEPLOYMENT_TARGET</key>
				<string>8.1</string>
				<key>MTL_ENABLE_DEBUG_INFO</key>
				<string>NO</string>
				<key>SDKROOT</key>
				<string>iphoneos</string>
				<key>VALIDATE_PRODUCT</key>
				<string>YES</string>
			</dict>
			<key>isa</key>
			<string>XCBuildConfiguration</string>
			<key>name</key>
			<string>Release</string>
		</dict>
		<key>79EB8D451AAEFC1E00E6E6F2</key>
		<dict>
			<key>buildConfigurations</key>
			<array>
				<string>79EB8D461AAEFC1E00E6E6F2</string>
				<string>79EB8D471AAEFC1E00E6E6F2</string>
			</array>
			<key>defaultConfigurationIsVisible</key>
			<string>0</string>
			<key>defaultConfigurationName</key>
			<string>Release</string>
			<key>isa</key>
			<string>XCConfigurationList</string>
		</dict>
		<key>79EB8D461AAEFC1E00E6E6F2</key>
		<dict>
			<key>baseConfigurationReference</key>
			<string>DAB6F5F1D1B93601FAD92C1B</string>
			<key>buildSettings</key>
			<dict>
				<key>ASSETCATALOG_COMPILER_APPICON_NAME</key>
				<string>AppIcon</string>
				<key>INFOPLIST_FILE</key>
				<string>theranking-ios-candidates/Supporting Files/Info.plist</string>
				<key>LD_RUNPATH_SEARCH_PATHS</key>
				<string>$(inherited) @executable_path/Frameworks</string>
				<key>PRODUCT_NAME</key>
				<string>$(TARGET_NAME)</string>
			</dict>
			<key>isa</key>
			<string>XCBuildConfiguration</string>
			<key>name</key>
			<string>Debug</string>
		</dict>
		<key>79EB8D471AAEFC1E00E6E6F2</key>
		<dict>
			<key>baseConfigurationReference</key>
			<string>00DB749101225264EA735263</string>
			<key>buildSettings</key>
			<dict>
				<key>ASSETCATALOG_COMPILER_APPICON_NAME</key>
				<string>AppIcon</string>
				<key>INFOPLIST_FILE</key>
				<string>theranking-ios-candidates/Supporting Files/Info.plist</string>
				<key>LD_RUNPATH_SEARCH_PATHS</key>
				<string>$(inherited) @executable_path/Frameworks</string>
				<key>PRODUCT_NAME</key>
				<string>$(TARGET_NAME)</string>
			</dict>
			<key>isa</key>
			<string>XCBuildConfiguration</string>
			<key>name</key>
			<string>Release</string>
		</dict>
		<key>79EB8D481AAEFC1E00E6E6F2</key>
		<dict>
			<key>buildConfigurations</key>
			<array>
				<string>79EB8D491AAEFC1E00E6E6F2</string>
				<string>79EB8D4A1AAEFC1E00E6E6F2</string>
			</array>
			<key>defaultConfigurationIsVisible</key>
			<string>0</string>
			<key>defaultConfigurationName</key>
			<string>Release</string>
			<key>isa</key>
			<string>XCConfigurationList</string>
		</dict>
		<key>79EB8D491AAEFC1E00E6E6F2</key>
		<dict>
			<key>buildSettings</key>
			<dict>
				<key>BUNDLE_LOADER</key>
				<string>$(TEST_HOST)</string>
				<key>FRAMEWORK_SEARCH_PATHS</key>
				<array>
					<string>$(SDKROOT)/Developer/Library/Frameworks</string>
					<string>$(inherited)</string>
				</array>
				<key>GCC_PREPROCESSOR_DEFINITIONS</key>
				<array>
					<string>DEBUG=1</string>
					<string>$(inherited)</string>
				</array>
				<key>INFOPLIST_FILE</key>
				<string>theranking-ios-candidatesTests/Supporting Files/Info.plist</string>
				<key>LD_RUNPATH_SEARCH_PATHS</key>
				<string>$(inherited) @executable_path/Frameworks @loader_path/Frameworks</string>
				<key>PRODUCT_NAME</key>
				<string>$(TARGET_NAME)</string>
				<key>TEST_HOST</key>
				<string>$(BUILT_PRODUCTS_DIR)/theranking-ios-candidates.app/theranking-ios-candidates</string>
			</dict>
			<key>isa</key>
			<string>XCBuildConfiguration</string>
			<key>name</key>
			<string>Debug</string>
		</dict>
		<key>79EB8D4A1AAEFC1E00E6E6F2</key>
		<dict>
			<key>buildSettings</key>
			<dict>
				<key>BUNDLE_LOADER</key>
				<string>$(TEST_HOST)</string>
				<key>FRAMEWORK_SEARCH_PATHS</key>
				<array>
					<string>$(SDKROOT)/Developer/Library/Frameworks</string>
					<string>$(inherited)</string>
				</array>
				<key>INFOPLIST_FILE</key>
				<string>theranking-ios-candidatesTests/Supporting Files/Info.plist</string>
				<key>LD_RUNPATH_SEARCH_PATHS</key>
				<string>$(inherited) @executable_path/Frameworks @loader_path/Frameworks</string>
				<key>PRODUCT_NAME</key>
				<string>$(TARGET_NAME)</string>
				<key>TEST_HOST</key>
				<string>$(BUILT_PRODUCTS_DIR)/theranking-ios-candidates.app/theranking-ios-candidates</string>
			</dict>
			<key>isa</key>
			<string>XCBuildConfiguration</string>
			<key>name</key>
			<string>Release</string>
		</dict>
		<key>79EB8D4B1AAEFD5100E6E6F2</key>
		<dict>
			<key>fileEncoding</key>
			<string>4</string>
			<key>isa</key>
			<string>PBXFileReference</string>
			<key>lastKnownFileType</key>
			<string>sourcecode.c.h</string>
			<key>path</key>
			<string>CoreDataStack.h</string>
			<key>sourceTree</key>
			<string>&lt;group&gt;</string>
		</dict>
		<key>79EB8D4C1AAEFD5100E6E6F2</key>
		<dict>
			<key>fileEncoding</key>
			<string>4</string>
			<key>isa</key>
			<string>PBXFileReference</string>
			<key>lastKnownFileType</key>
			<string>sourcecode.c.objc</string>
			<key>path</key>
			<string>CoreDataStack.m</string>
			<key>sourceTree</key>
			<string>&lt;group&gt;</string>
		</dict>
		<key>79EB8D4D1AAEFD5100E6E6F2</key>
		<dict>
			<key>fileRef</key>
			<string>79EB8D4C1AAEFD5100E6E6F2</string>
			<key>isa</key>
			<string>PBXBuildFile</string>
		</dict>
		<key>79EB8D4E1AAF004600E6E6F2</key>
		<dict>
			<key>children</key>
			<array>
				<string>79EB8D891AAF653800E6E6F2</string>
				<string>79EB8D8A1AAF653800E6E6F2</string>
				<string>79EB8D8C1AAF655400E6E6F2</string>
				<string>79EB8D8D1AAF655400E6E6F2</string>
				<string>79DEC9151AB04EE50070E946</string>
				<string>79DEC9161AB04EE50070E946</string>
			</array>
			<key>isa</key>
			<string>PBXGroup</string>
			<key>path</key>
			<string>ViewControllers</string>
			<key>sourceTree</key>
			<string>&lt;group&gt;</string>
		</dict>
		<key>79EB8D4F1AAF005500E6E6F2</key>
		<dict>
			<key>children</key>
			<array>
				<string>79EB8D841AAF64F700E6E6F2</string>
				<string>79EB8D851AAF64F700E6E6F2</string>
				<string>79EB8D861AAF64F700E6E6F2</string>
				<string>79EB8D8E1AAF655400E6E6F2</string>
				<string>79EB8D911AAF66CC00E6E6F2</string>
			</array>
			<key>isa</key>
			<string>PBXGroup</string>
			<key>path</key>
			<string>Views</string>
			<key>sourceTree</key>
			<string>&lt;group&gt;</string>
		</dict>
		<key>79EB8D501AAF006300E6E6F2</key>
		<dict>
			<key>children</key>
			<array>
				<string>79EB8D7A1AAF62F900E6E6F2</string>
				<string>79EB8D7B1AAF62F900E6E6F2</string>
				<string>79EB8D511AAF007800E6E6F2</string>
			</array>
			<key>isa</key>
			<string>PBXGroup</string>
			<key>path</key>
			<string>Entities</string>
			<key>sourceTree</key>
			<string>&lt;group&gt;</string>
		</dict>
		<key>79EB8D511AAF007800E6E6F2</key>
		<dict>
			<key>children</key>
			<array>
				<string>79EB8D7D1AAF636000E6E6F2</string>
				<string>79EB8D7E1AAF636000E6E6F2</string>
			</array>
			<key>isa</key>
			<string>PBXGroup</string>
			<key>path</key>
			<string>EntityMapping</string>
			<key>sourceTree</key>
			<string>&lt;group&gt;</string>
		</dict>
		<key>79EB8D521AAF009100E6E6F2</key>
		<dict>
			<key>children</key>
			<array>
				<string>79EB8D551AAF0B5B00E6E6F2</string>
				<string>79EB8D561AAF0B5B00E6E6F2</string>
				<string>79EB8D931AAF685400E6E6F2</string>
				<string>79EB8D941AAF685400E6E6F2</string>
				<string>79DEC91E1AB17A710070E946</string>
				<string>79DEC91F1AB17A710070E946</string>
			</array>
			<key>isa</key>
			<string>PBXGroup</string>
			<key>path</key>
			<string>Use Cases</string>
			<key>sourceTree</key>
			<string>&lt;group&gt;</string>
		</dict>
		<key>79EB8D531AAF009F00E6E6F2</key>
		<dict>
			<key>children</key>
			<array>
				<string>79EB8D801AAF648200E6E6F2</string>
				<string>79EB8D811AAF648200E6E6F2</string>
				<string>79EB8D991AAF68A300E6E6F2</string>
				<string>79EB8D9A1AAF68A300E6E6F2</string>
			</array>
			<key>isa</key>
			<string>PBXGroup</string>
			<key>path</key>
			<string>Providers</string>
			<key>sourceTree</key>
			<string>&lt;group&gt;</string>
		</dict>
		<key>79EB8D541AAF00AD00E6E6F2</key>
		<dict>
			<key>children</key>
			<array>
				<string>79EB8D831AAF64AA00E6E6F2</string>
				<string>795B08201AAF6AEA0049BFA9</string>
				<string>795B08211AAF6AEA0049BFA9</string>
				<string>795B08251AAF6B8B0049BFA9</string>
				<string>795B08261AAF6B8B0049BFA9</string>
			</array>
			<key>isa</key>
			<string>PBXGroup</string>
			<key>path</key>
			<string>Networking</string>
			<key>sourceTree</key>
			<string>&lt;group&gt;</string>
		</dict>
		<key>79EB8D551AAF0B5B00E6E6F2</key>
		<dict>
			<key>fileEncoding</key>
			<string>4</string>
			<key>isa</key>
			<string>PBXFileReference</string>
			<key>lastKnownFileType</key>
			<string>sourcecode.c.h</string>
			<key>path</key>
			<string>BaseInteractor.h</string>
			<key>sourceTree</key>
			<string>&lt;group&gt;</string>
		</dict>
		<key>79EB8D561AAF0B5B00E6E6F2</key>
		<dict>
			<key>fileEncoding</key>
			<string>4</string>
			<key>isa</key>
			<string>PBXFileReference</string>
			<key>lastKnownFileType</key>
			<string>sourcecode.c.objc</string>
			<key>path</key>
			<string>BaseInteractor.m</string>
			<key>sourceTree</key>
			<string>&lt;group&gt;</string>
		</dict>
		<key>79EB8D571AAF0B5B00E6E6F2</key>
		<dict>
			<key>fileRef</key>
			<string>79EB8D561AAF0B5B00E6E6F2</string>
			<key>isa</key>
			<string>PBXBuildFile</string>
		</dict>
		<key>79EB8D7A1AAF62F900E6E6F2</key>
		<dict>
			<key>fileEncoding</key>
			<string>4</string>
			<key>isa</key>
			<string>PBXFileReference</string>
			<key>lastKnownFileType</key>
			<string>sourcecode.c.h</string>
			<key>path</key>
			<string>PictureEntity.h</string>
			<key>sourceTree</key>
			<string>&lt;group&gt;</string>
		</dict>
		<key>79EB8D7B1AAF62F900E6E6F2</key>
		<dict>
			<key>fileEncoding</key>
			<string>4</string>
			<key>isa</key>
			<string>PBXFileReference</string>
			<key>lastKnownFileType</key>
			<string>sourcecode.c.objc</string>
			<key>path</key>
			<string>PictureEntity.m</string>
			<key>sourceTree</key>
			<string>&lt;group&gt;</string>
		</dict>
		<key>79EB8D7C1AAF62F900E6E6F2</key>
		<dict>
			<key>fileRef</key>
			<string>79EB8D7B1AAF62F900E6E6F2</string>
			<key>isa</key>
			<string>PBXBuildFile</string>
		</dict>
		<key>79EB8D7D1AAF636000E6E6F2</key>
		<dict>
			<key>fileEncoding</key>
			<string>4</string>
			<key>isa</key>
			<string>PBXFileReference</string>
			<key>lastKnownFileType</key>
			<string>sourcecode.c.h</string>
			<key>path</key>
			<string>PictureEntity+Builder.h</string>
			<key>sourceTree</key>
			<string>&lt;group&gt;</string>
		</dict>
		<key>79EB8D7E1AAF636000E6E6F2</key>
		<dict>
			<key>fileEncoding</key>
			<string>4</string>
			<key>isa</key>
			<string>PBXFileReference</string>
			<key>lastKnownFileType</key>
			<string>sourcecode.c.objc</string>
			<key>path</key>
			<string>PictureEntity+Builder.m</string>
			<key>sourceTree</key>
			<string>&lt;group&gt;</string>
		</dict>
		<key>79EB8D7F1AAF636000E6E6F2</key>
		<dict>
			<key>fileRef</key>
			<string>79EB8D7E1AAF636000E6E6F2</string>
			<key>isa</key>
			<string>PBXBuildFile</string>
		</dict>
		<key>79EB8D801AAF648200E6E6F2</key>
		<dict>
			<key>fileEncoding</key>
			<string>4</string>
			<key>isa</key>
			<string>PBXFileReference</string>
			<key>lastKnownFileType</key>
			<string>sourcecode.c.h</string>
			<key>path</key>
			<string>BaseProvider.h</string>
			<key>sourceTree</key>
			<string>&lt;group&gt;</string>
		</dict>
		<key>79EB8D811AAF648200E6E6F2</key>
		<dict>
			<key>fileEncoding</key>
			<string>4</string>
			<key>isa</key>
			<string>PBXFileReference</string>
			<key>lastKnownFileType</key>
			<string>sourcecode.c.objc</string>
			<key>path</key>
			<string>BaseProvider.m</string>
			<key>sourceTree</key>
			<string>&lt;group&gt;</string>
		</dict>
		<key>79EB8D821AAF648200E6E6F2</key>
		<dict>
			<key>fileRef</key>
			<string>79EB8D811AAF648200E6E6F2</string>
			<key>isa</key>
			<string>PBXBuildFile</string>
		</dict>
		<key>79EB8D831AAF64AA00E6E6F2</key>
		<dict>
			<key>fileEncoding</key>
			<string>4</string>
			<key>isa</key>
			<string>PBXFileReference</string>
			<key>lastKnownFileType</key>
			<string>sourcecode.c.h</string>
			<key>path</key>
			<string>RequestManager.h</string>
			<key>sourceTree</key>
			<string>&lt;group&gt;</string>
		</dict>
		<key>79EB8D841AAF64F700E6E6F2</key>
		<dict>
			<key>fileEncoding</key>
			<string>4</string>
			<key>isa</key>
			<string>PBXFileReference</string>
			<key>lastKnownFileType</key>
			<string>sourcecode.c.h</string>
			<key>path</key>
			<string>PictureCollectionViewCell.h</string>
			<key>sourceTree</key>
			<string>&lt;group&gt;</string>
		</dict>
		<key>79EB8D851AAF64F700E6E6F2</key>
		<dict>
			<key>fileEncoding</key>
			<string>4</string>
			<key>isa</key>
			<string>PBXFileReference</string>
			<key>lastKnownFileType</key>
			<string>sourcecode.c.objc</string>
			<key>path</key>
			<string>PictureCollectionViewCell.m</string>
			<key>sourceTree</key>
			<string>&lt;group&gt;</string>
		</dict>
		<key>79EB8D861AAF64F700E6E6F2</key>
		<dict>
			<key>fileEncoding</key>
			<string>4</string>
			<key>isa</key>
			<string>PBXFileReference</string>
			<key>lastKnownFileType</key>
			<string>file.xib</string>
			<key>path</key>
			<string>PictureCollectionViewCell.xib</string>
			<key>sourceTree</key>
			<string>&lt;group&gt;</string>
		</dict>
		<key>79EB8D871AAF64F700E6E6F2</key>
		<dict>
			<key>fileRef</key>
			<string>79EB8D851AAF64F700E6E6F2</string>
			<key>isa</key>
			<string>PBXBuildFile</string>
		</dict>
		<key>79EB8D881AAF64F700E6E6F2</key>
		<dict>
			<key>fileRef</key>
			<string>79EB8D861AAF64F700E6E6F2</string>
			<key>isa</key>
			<string>PBXBuildFile</string>
		</dict>
		<key>79EB8D891AAF653800E6E6F2</key>
		<dict>
			<key>fileEncoding</key>
			<string>4</string>
			<key>isa</key>
			<string>PBXFileReference</string>
			<key>lastKnownFileType</key>
			<string>sourcecode.c.h</string>
			<key>path</key>
			<string>MainPictureViewController.h</string>
			<key>sourceTree</key>
			<string>&lt;group&gt;</string>
		</dict>
		<key>79EB8D8A1AAF653800E6E6F2</key>
		<dict>
			<key>fileEncoding</key>
			<string>4</string>
			<key>isa</key>
			<string>PBXFileReference</string>
			<key>lastKnownFileType</key>
			<string>sourcecode.c.objc</string>
			<key>path</key>
			<string>MainPictureViewController.m</string>
			<key>sourceTree</key>
			<string>&lt;group&gt;</string>
		</dict>
		<key>79EB8D8B1AAF653800E6E6F2</key>
		<dict>
			<key>fileRef</key>
			<string>79EB8D8A1AAF653800E6E6F2</string>
			<key>isa</key>
			<string>PBXBuildFile</string>
		</dict>
		<key>79EB8D8C1AAF655400E6E6F2</key>
		<dict>
			<key>fileEncoding</key>
			<string>4</string>
			<key>isa</key>
			<string>PBXFileReference</string>
			<key>lastKnownFileType</key>
			<string>sourcecode.c.h</string>
			<key>path</key>
			<string>DetailPictureViewController.h</string>
			<key>sourceTree</key>
			<string>&lt;group&gt;</string>
		</dict>
		<key>79EB8D8D1AAF655400E6E6F2</key>
		<dict>
			<key>fileEncoding</key>
			<string>4</string>
			<key>isa</key>
			<string>PBXFileReference</string>
			<key>lastKnownFileType</key>
			<string>sourcecode.c.objc</string>
			<key>path</key>
			<string>DetailPictureViewController.m</string>
			<key>sourceTree</key>
			<string>&lt;group&gt;</string>
		</dict>
		<key>79EB8D8E1AAF655400E6E6F2</key>
		<dict>
			<key>fileEncoding</key>
			<string>4</string>
			<key>isa</key>
			<string>PBXFileReference</string>
			<key>lastKnownFileType</key>
			<string>file.xib</string>
			<key>path</key>
			<string>DetailPictureViewController.xib</string>
			<key>sourceTree</key>
			<string>&lt;group&gt;</string>
		</dict>
		<key>79EB8D8F1AAF655400E6E6F2</key>
		<dict>
			<key>fileRef</key>
			<string>79EB8D8D1AAF655400E6E6F2</string>
			<key>isa</key>
			<string>PBXBuildFile</string>
		</dict>
		<key>79EB8D901AAF655400E6E6F2</key>
		<dict>
			<key>fileRef</key>
			<string>79EB8D8E1AAF655400E6E6F2</string>
			<key>isa</key>
			<string>PBXBuildFile</string>
		</dict>
		<key>79EB8D911AAF66CC00E6E6F2</key>
		<dict>
			<key>fileEncoding</key>
			<string>4</string>
			<key>isa</key>
			<string>PBXFileReference</string>
			<key>lastKnownFileType</key>
			<string>file.xib</string>
			<key>path</key>
			<string>LaunchScreen.xib</string>
			<key>sourceTree</key>
			<string>&lt;group&gt;</string>
		</dict>
		<key>79EB8D921AAF66CC00E6E6F2</key>
		<dict>
			<key>fileRef</key>
			<string>79EB8D911AAF66CC00E6E6F2</string>
			<key>isa</key>
			<string>PBXBuildFile</string>
		</dict>
		<key>79EB8D931AAF685400E6E6F2</key>
		<dict>
			<key>fileEncoding</key>
			<string>4</string>
			<key>isa</key>
			<string>PBXFileReference</string>
			<key>lastKnownFileType</key>
			<string>sourcecode.c.h</string>
			<key>path</key>
			<string>LoadPicturesInteractor.h</string>
			<key>sourceTree</key>
			<string>&lt;group&gt;</string>
		</dict>
		<key>79EB8D941AAF685400E6E6F2</key>
		<dict>
			<key>fileEncoding</key>
			<string>4</string>
			<key>isa</key>
			<string>PBXFileReference</string>
			<key>lastKnownFileType</key>
			<string>sourcecode.c.objc</string>
			<key>path</key>
			<string>LoadPicturesInteractor.m</string>
			<key>sourceTree</key>
			<string>&lt;group&gt;</string>
		</dict>
		<key>79EB8D951AAF685400E6E6F2</key>
		<dict>
			<key>fileRef</key>
			<string>79EB8D941AAF685400E6E6F2</string>
			<key>isa</key>
			<string>PBXBuildFile</string>
		</dict>
		<key>79EB8D991AAF68A300E6E6F2</key>
		<dict>
			<key>fileEncoding</key>
			<string>4</string>
			<key>isa</key>
			<string>PBXFileReference</string>
			<key>lastKnownFileType</key>
			<string>sourcecode.c.h</string>
			<key>path</key>
			<string>PicturesProvider.h</string>
			<key>sourceTree</key>
			<string>&lt;group&gt;</string>
		</dict>
		<key>79EB8D9A1AAF68A300E6E6F2</key>
		<dict>
			<key>fileEncoding</key>
			<string>4</string>
			<key>isa</key>
			<string>PBXFileReference</string>
			<key>lastKnownFileType</key>
			<string>sourcecode.c.objc</string>
			<key>path</key>
			<string>PicturesProvider.m</string>
			<key>sourceTree</key>
			<string>&lt;group&gt;</string>
		</dict>
		<key>79EB8D9B1AAF68A300E6E6F2</key>
		<dict>
			<key>fileRef</key>
			<string>79EB8D9A1AAF68A300E6E6F2</string>
			<key>isa</key>
			<string>PBXBuildFile</string>
		</dict>
		<key>B599C0C4E5DDC456D8943A83</key>
		<dict>
			<key>buildActionMask</key>
			<string>2147483647</string>
			<key>files</key>
			<array/>
			<key>inputPaths</key>
			<array/>
			<key>isa</key>
			<string>PBXShellScriptBuildPhase</string>
			<key>name</key>
			<string>Copy Pods Resources</string>
			<key>outputPaths</key>
			<array/>
			<key>runOnlyForDeploymentPostprocessing</key>
			<string>0</string>
			<key>shellPath</key>
			<string>/bin/sh</string>
			<key>shellScript</key>
			<string>"${SRCROOT}/Pods/Target Support Files/Pods-theranking-ios-candidates/Pods-theranking-ios-candidates-resources.sh"
</string>
			<key>showEnvVarsInLog</key>
			<string>0</string>
		</dict>
		<key>CB3EE5CD93BCA41DCB60F566</key>
		<dict>
			<key>children</key>
			<array>
				<string>DAB6F5F1D1B93601FAD92C1B</string>
				<string>00DB749101225264EA735263</string>
			</array>
			<key>isa</key>
			<string>PBXGroup</string>
			<key>name</key>
			<string>Pods</string>
			<key>sourceTree</key>
			<string>&lt;group&gt;</string>
		</dict>
		<key>DAB6F5F1D1B93601FAD92C1B</key>
		<dict>
			<key>includeInIndex</key>
			<string>1</string>
			<key>isa</key>
			<string>PBXFileReference</string>
			<key>lastKnownFileType</key>
			<string>text.xcconfig</string>
			<key>name</key>
			<string>Pods-theranking-ios-candidates.debug.xcconfig</string>
			<key>path</key>
			<string>Pods/Target Support Files/Pods-theranking-ios-candidates/Pods-theranking-ios-candidates.debug.xcconfig</string>
			<key>sourceTree</key>
			<string>&lt;group&gt;</string>
		</dict>
	</dict>
	<key>rootObject</key>
	<string>79EB8D1D1AAEFC1E00E6E6F2</string>
</dict>
</plist>
